
Microsoft Visual Studio Solution File, Format Version 12.00
# Visual Studio Version 17
VisualStudioVersion = 17.1.32210.238
MinimumVisualStudioVersion = 10.0.40219.1
Project("{9A19103F-16F7-4668-BE54-9A1E7A4F7556}") = "PK Injection", "PK Injection.csproj", "{55476FEA-6F17-49EE-A5F7-C064C6AA299A}"
EndProject
Project("{9A19103F-16F7-4668-BE54-9A1E7A4F7556}") = "RAM Injection Data", "..\RAM Injection Data\RAM Injection Data.csproj", "{4D82D4CF-AC01-4F2A-945E-0F68036D4510}"
EndProject
Global
	GlobalSection(SolutionConfigurationPlatforms) = preSolution
		Debug|Any CPU = Debug|Any CPU
		Release|Any CPU = Release|Any CPU
	EndGlobalSection
	GlobalSection(ProjectConfigurationPlatforms) = postSolution
		{55476FEA-6F17-49EE-A5F7-C064C6AA299A}.Debug|Any CPU.ActiveCfg = Debug|Any CPU
		{55476FEA-6F17-49EE-A5F7-C064C6AA299A}.Debug|Any CPU.Build.0 = Debug|Any CPU
		{55476FEA-6F17-49EE-A5F7-C064C6AA299A}.Release|Any CPU.ActiveCfg = Release|Any CPU
		{55476FEA-6F17-49EE-A5F7-C064C6AA299A}.Release|Any CPU.Build.0 = Release|Any CPU
		{4D82D4CF-AC01-4F2A-945E-0F68036D4510}.Debug|Any CPU.ActiveCfg = Debug|Any CPU
		{4D82D4CF-AC01-4F2A-945E-0F68036D4510}.Debug|Any CPU.Build.0 = Debug|Any CPU
		{4D82D4CF-AC01-4F2A-945E-0F68036D4510}.Release|Any CPU.ActiveCfg = Release|Any CPU
		{4D82D4CF-AC01-4F2A-945E-0F68036D4510}.Release|Any CPU.Build.0 = Release|Any CPU
	EndGlobalSection
	GlobalSection(SolutionProperties) = preSolution
		HideSolutionNode = FALSE
	EndGlobalSection
	GlobalSection(ExtensibilityGlobals) = postSolution
		SolutionGuid = {480E5F1A-45EB-496C-8B77-B15C2A76E587}
	EndGlobalSection
EndGlobal
